
Microsoft Visual Studio Solution File, Format Version 12.00
# Visual Studio Version 17
VisualStudioVersion = 17.1.32328.378
MinimumVisualStudioVersion = 10.0.40219.1
Project("{FAE04EC0-301F-11D3-BF4B-00C04F79EFBC}") = "TestNetCore", "TestNetCore\TestNetCore.csproj", "{FC327A60-05F9-4005-AB2A-6AFCEF8AFB17}"
EndProject
Global
	GlobalSection(SolutionConfigurationPlatforms) = preSolution
		Debug|Any CPU = Debug|Any CPU
		Release|Any CPU = Release|Any CPU
	EndGlobalSection
	GlobalSection(ProjectConfigurationPlatforms) = postSolution
		{FC327A60-05F9-4005-AB2A-6AFCEF8AFB17}.Debug|Any CPU.ActiveCfg = Debug|Any CPU
		{FC327A60-05F9-4005-AB2A-6AFCEF8AFB17}.Debug|Any CPU.Build.0 = Debug|Any CPU
		{FC327A60-05F9-4005-AB2A-6AFCEF8AFB17}.Release|Any CPU.ActiveCfg = Release|Any CPU
		{FC327A60-05F9-4005-AB2A-6AFCEF8AFB17}.Release|Any CPU.Build.0 = Release|Any CPU
	EndGlobalSection
	GlobalSection(SolutionProperties) = preSolution
		HideSolutionNode = FALSE
	EndGlobalSection
	GlobalSection(ExtensibilityGlobals) = postSolution
		SolutionGuid = {C052CE1C-46AB-4FF7-86F8-EE19D3E0FA07}
	EndGlobalSection
EndGlobal
